{
    "_readme": [
        "This file locks the dependencies of your project to a known state",
        "Read more about it at https://getcomposer.org/doc/01-basic-usage.md#installing-dependencies",
        "This file is @generated automatically"
    ],
    "content-hash": "b32ed94fc1b18b531b6959cbd8d3faa0",
    "packages": [
        {
            "name": "saphira/connectdb",
            "version": "dev-master",
            "source": {
                "type": "git",
                "url": "https://github.com/alexandrehdev/saphira.git",
                "reference": "7c9b1dcc73198e7e114184ed35c15c43469e5a2a"
            },
            "dist": {
                "type": "zip",
                "url": "https://api.github.com/repos/alexandrehdev/saphira/zipball/7c9b1dcc73198e7e114184ed35c15c43469e5a2a",
                "reference": "7c9b1dcc73198e7e114184ed35c15c43469e5a2a",
                "shasum": ""
            },
            "default-branch": true,
            "type": "library",
            "autoload": {
                "psr-4": {
                    "Saphira\\Connectdb\\": "src/"
                }
            },
            "notification-url": "https://packagist.org/downloads/",
            "authors": [
                {
                    "name": "alexandrehdev"
                }
            ],
            "description": "PHP Package that allows you to connect to database and exec some querys with functions",
            "support": {
                "issues": "https://github.com/alexandrehdev/saphira/issues",
                "source": "https://github.com/alexandrehdev/saphira/tree/master"
            },
            "time": "2022-09-14T23:59:32+00:00"
        }
    ],
    "packages-dev": [],
    "aliases": [],
    "minimum-stability": "stable",
    "stability-flags": {
        "saphira/connectdb": 20
    },
    "prefer-stable": false,
    "prefer-lowest": false,
    "platform": [],
    "platform-dev": [],
    "plugin-api-version": "2.3.0"
}
